
Microsoft Visual Studio Solution File, Format Version 12.00
# Visual Studio Version 16
VisualStudioVersion = 16.0.30114.105
MinimumVisualStudioVersion = 10.0.40219.1
Project("{2150E333-8FDC-42A3-9474-1A3956D46DE8}") = "src", "src", "{8A18BE43-B073-4ECC-A3EA-343AB4747A09}"
EndProject
Project("{F2A71F9B-5D33-465A-A702-920D77279786}") = "StateMachineTCP", "src\StateMachineTCP\StateMachineTCP.fsproj", "{8DFBFFB3-6D70-4972-A3E4-81213A126C7F}"
EndProject
Project("{2150E333-8FDC-42A3-9474-1A3956D46DE8}") = "tests", "tests", "{FEF62B6B-70C9-4CAD-9CC9-25E7145F5F78}"
EndProject
Project("{F2A71F9B-5D33-465A-A702-920D77279786}") = "StateMachineTCP.Tests", "tests\StateMachineTCP.Tests\StateMachineTCP.Tests.fsproj", "{21714AE0-9BD7-4C0D-8992-64C7F0504E86}"
EndProject
Global
	GlobalSection(SolutionConfigurationPlatforms) = preSolution
		Debug|Any CPU = Debug|Any CPU
		Release|Any CPU = Release|Any CPU
	EndGlobalSection
	GlobalSection(SolutionProperties) = preSolution
		HideSolutionNode = FALSE
	EndGlobalSection
	GlobalSection(ProjectConfigurationPlatforms) = postSolution
		{8DFBFFB3-6D70-4972-A3E4-81213A126C7F}.Debug|Any CPU.ActiveCfg = Debug|Any CPU
		{8DFBFFB3-6D70-4972-A3E4-81213A126C7F}.Debug|Any CPU.Build.0 = Debug|Any CPU
		{8DFBFFB3-6D70-4972-A3E4-81213A126C7F}.Release|Any CPU.ActiveCfg = Release|Any CPU
		{8DFBFFB3-6D70-4972-A3E4-81213A126C7F}.Release|Any CPU.Build.0 = Release|Any CPU
		{21714AE0-9BD7-4C0D-8992-64C7F0504E86}.Debug|Any CPU.ActiveCfg = Debug|Any CPU
		{21714AE0-9BD7-4C0D-8992-64C7F0504E86}.Debug|Any CPU.Build.0 = Debug|Any CPU
		{21714AE0-9BD7-4C0D-8992-64C7F0504E86}.Release|Any CPU.ActiveCfg = Release|Any CPU
		{21714AE0-9BD7-4C0D-8992-64C7F0504E86}.Release|Any CPU.Build.0 = Release|Any CPU
	EndGlobalSection
	GlobalSection(NestedProjects) = preSolution
		{8DFBFFB3-6D70-4972-A3E4-81213A126C7F} = {8A18BE43-B073-4ECC-A3EA-343AB4747A09}
		{21714AE0-9BD7-4C0D-8992-64C7F0504E86} = {FEF62B6B-70C9-4CAD-9CC9-25E7145F5F78}
	EndGlobalSection
EndGlobal
